// !$*UTF8*$!
{
	archiveVersion = 1;
	classes = {
	};
	objectVersion = 56;
	objects = {

/* Begin PBXBuildFile section */
		636136F729B3C01E006D3063 /* AppDelegate.swift in Sources */ = {isa = PBXBuildFile; fileRef = 636136F629B3C01E006D3063 /* AppDelegate.swift */; };
		636136F929B3C01E006D3063 /* SceneDelegate.swift in Sources */ = {isa = PBXBuildFile; fileRef = 636136F829B3C01E006D3063 /* SceneDelegate.swift */; };
		636136FB29B3C01E006D3063 /* ViewController.swift in Sources */ = {isa = PBXBuildFile; fileRef = 636136FA29B3C01E006D3063 /* ViewController.swift */; };
		636136FE29B3C01E006D3063 /* Main.storyboard in Resources */ = {isa = PBXBuildFile; fileRef = 636136FC29B3C01E006D3063 /* Main.storyboard */; };
		6361370029B3C01F006D3063 /* Assets.xcassets in Resources */ = {isa = PBXBuildFile; fileRef = 636136FF29B3C01F006D3063 /* Assets.xcassets */; };
		6361370329B3C01F006D3063 /* LaunchScreen.storyboard in Resources */ = {isa = PBXBuildFile; fileRef = 6361370129B3C01F006D3063 /* LaunchScreen.storyboard */; };
		6361370E29B3C01F006D3063 /* UniTestAppTests.swift in Sources */ = {isa = PBXBuildFile; fileRef = 6361370D29B3C01F006D3063 /* UniTestAppTests.swift */; };
		6361371829B3C01F006D3063 /* UniTestAppUITests.swift in Sources */ = {isa = PBXBuildFile; fileRef = 6361371729B3C01F006D3063 /* UniTestAppUITests.swift */; };
		6361371A29B3C01F006D3063 /* UniTestAppUITestsLaunchTests.swift in Sources */ = {isa = PBXBuildFile; fileRef = 6361371929B3C01F006D3063 /* UniTestAppUITestsLaunchTests.swift */; };
		6361372729B3C07E006D3063 /* MathService.swift in Sources */ = {isa = PBXBuildFile; fileRef = 6361372629B3C07E006D3063 /* MathService.swift */; };
/* End PBXBuildFile section */

/* Begin PBXContainerItemProxy section */
		6361370A29B3C01F006D3063 /* PBXContainerItemProxy */ = {
			isa = PBXContainerItemProxy;
			containerPortal = 636136EB29B3C01E006D3063 /* Project object */;
			proxyType = 1;
			remoteGlobalIDString = 636136F229B3C01E006D3063;
			remoteInfo = UniTestApp;
		};
		6361371429B3C01F006D3063 /* PBXContainerItemProxy */ = {
			isa = PBXContainerItemProxy;
			containerPortal = 636136EB29B3C01E006D3063 /* Project object */;
			proxyType = 1;
			remoteGlobalIDString = 636136F229B3C01E006D3063;
			remoteInfo = UniTestApp;
		};
/* End PBXContainerItemProxy section */

/* Begin PBXFileReference section */
		636136F329B3C01E006D3063 /* UniTestApp.app */ = {isa = PBXFileReference; explicitFileType = wrapper.application; includeInIndex = 0; path = UniTestApp.app; sourceTree = BUILT_PRODUCTS_DIR; };
		636136F629B3C01E006D3063 /* AppDelegate.swift */ = {isa = PBXFileReference; lastKnownFileType = sourcecode.swift; path = AppDelegate.swift; sourceTree = "<group>"; };
		636136F829B3C01E006D3063 /* SceneDelegate.swift */ = {isa = PBXFileReference; lastKnownFileType = sourcecode.swift; path = SceneDelegate.swift; sourceTree = "<group>"; };
		636136FA29B3C01E006D3063 /* ViewController.swift */ = {isa = PBXFileReference; lastKnownFileType = sourcecode.swift; path = ViewController.swift; sourceTree = "<group>"; };
		636136FD29B3C01E006D3063 /* Base */ = {isa = PBXFileReference; lastKnownFileType = file.storyboard; name = Base; path = Base.lproj/Main.storyboard; sourceTree = "<group>"; };
		636136FF29B3C01F006D3063 /* Assets.xcassets */ = {isa = PBXFileReference; lastKnownFileType = folder.assetcatalog; path = Assets.xcassets; sourceTree = "<group>"; };
		6361370229B3C01F006D3063 /* Base */ = {isa = PBXFileReference; lastKnownFileType = file.storyboard; name = Base; path = Base.lproj/LaunchScreen.storyboard; sourceTree = "<group>"; };
		6361370429B3C01F006D3063 /* Info.plist */ = {isa = PBXFileReference; lastKnownFileType = text.plist.xml; path = Info.plist; sourceTree = "<group>"; };
		6361370929B3C01F006D3063 /* UniTestAppTests.xctest */ = {isa = PBXFileReference; explicitFileType = wrapper.cfbundle; includeInIndex = 0; path = UniTestAppTests.xctest; sourceTree = BUILT_PRODUCTS_DIR; };
		6361370D29B3C01F006D3063 /* UniTestAppTests.swift */ = {isa = PBXFileReference; lastKnownFileType = sourcecode.swift; path = UniTestAppTests.swift; sourceTree = "<group>"; };
		6361371329B3C01F006D3063 /* UniTestAppUITests.xctest */ = {isa = PBXFileReference; explicitFileType = wrapper.cfbundle; includeInIndex = 0; path = UniTestAppUITests.xctest; sourceTree = BUILT_PRODUCTS_DIR; };
		6361371729B3C01F006D3063 /* UniTestAppUITests.swift */ = {isa = PBXFileReference; lastKnownFileType = sourcecode.swift; path = UniTestAppUITests.swift; sourceTree = "<group>"; };
		6361371929B3C01F006D3063 /* UniTestAppUITestsLaunchTests.swift */ = {isa = PBXFileReference; lastKnownFileType = sourcecode.swift; path = UniTestAppUITestsLaunchTests.swift; sourceTree = "<group>"; };
		6361372629B3C07E006D3063 /* MathService.swift */ = {isa = PBXFileReference; lastKnownFileType = sourcecode.swift; path = MathService.swift; sourceTree = "<group>"; };
/* End PBXFileReference section */

/* Begin PBXFrameworksBuildPhase section */
		636136F029B3C01E006D3063 /* Frameworks */ = {
			isa = PBXFrameworksBuildPhase;
			buildActionMask = 2147483647;
			files = (
			);
			runOnlyForDeploymentPostprocessing = 0;
		};
		6361370629B3C01F006D3063 /* Frameworks */ = {
			isa = PBXFrameworksBuildPhase;
			buildActionMask = 2147483647;
			files = (
			);
			runOnlyForDeploymentPostprocessing = 0;
		};
		6361371029B3C01F006D3063 /* Frameworks */ = {
			isa = PBXFrameworksBuildPhase;
			buildActionMask = 2147483647;
			files = (
			);
			runOnlyForDeploymentPostprocessing = 0;
		};
/* End PBXFrameworksBuildPhase section */

/* Begin PBXGroup section */
		636136EA29B3C01E006D3063 = {
			isa = PBXGroup;
			children = (
				636136F529B3C01E006D3063 /* UniTestApp */,
				6361370C29B3C01F006D3063 /* UniTestAppTests */,
				6361371629B3C01F006D3063 /* UniTestAppUITests */,
				636136F429B3C01E006D3063 /* Products */,
			);
			sourceTree = "<group>";
		};
		636136F429B3C01E006D3063 /* Products */ = {
			isa = PBXGroup;
			children = (
				636136F329B3C01E006D3063 /* UniTestApp.app */,
				6361370929B3C01F006D3063 /* UniTestAppTests.xctest */,
				6361371329B3C01F006D3063 /* UniTestAppUITests.xctest */,
			);
			name = Products;
			sourceTree = "<group>";
		};
		636136F529B3C01E006D3063 /* UniTestApp */ = {
			isa = PBXGroup;
			children = (
				636136F629B3C01E006D3063 /* AppDelegate.swift */,
				6361372629B3C07E006D3063 /* MathService.swift */,
				636136F829B3C01E006D3063 /* SceneDelegate.swift */,
				636136FA29B3C01E006D3063 /* ViewController.swift */,
				636136FC29B3C01E006D3063 /* Main.storyboard */,
				636136FF29B3C01F006D3063 /* Assets.xcassets */,
				6361370129B3C01F006D3063 /* LaunchScreen.storyboard */,
				6361370429B3C01F006D3063 /* Info.plist */,
			);
			path = UniTestApp;
			sourceTree = "<group>";
		};
		6361370C29B3C01F006D3063 /* UniTestAppTests */ = {
			isa = PBXGroup;
			children = (
				6361370D29B3C01F006D3063 /* UniTestAppTests.swift */,
			);
			path = UniTestAppTests;
			sourceTree = "<group>";
		};
		6361371629B3C01F006D3063 /* UniTestAppUITests */ = {
			isa = PBXGroup;
			children = (
				6361371729B3C01F006D3063 /* UniTestAppUITests.swift */,
				6361371929B3C01F006D3063 /* UniTestAppUITestsLaunchTests.swift */,
			);
			path = UniTestAppUITests;
			sourceTree = "<group>";
		};
/* End PBXGroup section */

/* Begin PBXNativeTarget section */
		636136F229B3C01E006D3063 /* UniTestApp */ = {
			isa = PBXNativeTarget;
			buildConfigurationList = 6361371D29B3C01F006D3063 /* Build configuration list for PBXNativeTarget "UniTestApp" */;
			buildPhases = (
				636136EF29B3C01E006D3063 /* Sources */,
				636136F029B3C01E006D3063 /* Frameworks */,
				636136F129B3C01E006D3063 /* Resources */,
			);
			buildRules = (
			);
			dependencies = (
			);
			name = UniTestApp;
			productName = UniTestApp;
			productReference = 636136F329B3C01E006D3063 /* UniTestApp.app */;
			productType = "com.apple.product-type.application";
		};
		6361370829B3C01F006D3063 /* UniTestAppTests */ = {
			isa = PBXNativeTarget;
			buildConfigurationList = 6361372029B3C01F006D3063 /* Build configuration list for PBXNativeTarget "UniTestAppTests" */;
			buildPhases = (
				6361370529B3C01F006D3063 /* Sources */,
				6361370629B3C01F006D3063 /* Frameworks */,
				6361370729B3C01F006D3063 /* Resources */,
			);
			buildRules = (
			);
			dependencies = (
				6361370B29B3C01F006D3063 /* PBXTargetDependency */,
			);
			name = UniTestAppTests;
			productName = UniTestAppTests;
			productReference = 6361370929B3C01F006D3063 /* UniTestAppTests.xctest */;
			productType = "com.apple.product-type.bundle.unit-test";
		};
		6361371229B3C01F006D3063 /* UniTestAppUITests */ = {
			isa = PBXNativeTarget;
			buildConfigurationList = 6361372329B3C01F006D3063 /* Build configuration list for PBXNativeTarget "UniTestAppUITests" */;
			buildPhases = (
				6361370F29B3C01F006D3063 /* Sources */,
				6361371029B3C01F006D3063 /* Frameworks */,
				6361371129B3C01F006D3063 /* Resources */,
			);
			buildRules = (
			);
			dependencies = (
				6361371529B3C01F006D3063 /* PBXTargetDependency */,
			);
			name = UniTestAppUITests;
			productName = UniTestAppUITests;
			productReference = 6361371329B3C01F006D3063 /* UniTestAppUITests.xctest */;
			productType = "com.apple.product-type.bundle.ui-testing";
		};
/* End PBXNativeTarget section */

/* Begin PBXProject section */
		636136EB29B3C01E006D3063 /* Project object */ = {
			isa = PBXProject;
			attributes = {
				BuildIndependentTargetsInParallel = 1;
				LastSwiftUpdateCheck = 1420;
				LastUpgradeCheck = 1420;
				TargetAttributes = {
					636136F229B3C01E006D3063 = {
						CreatedOnToolsVersion = 14.2;
					};
					6361370829B3C01F006D3063 = {
						CreatedOnToolsVersion = 14.2;
						TestTargetID = 636136F229B3C01E006D3063;
					};
					6361371229B3C01F006D3063 = {
						CreatedOnToolsVersion = 14.2;
						TestTargetID = 636136F229B3C01E006D3063;
					};
				};
			};
			buildConfigurationList = 636136EE29B3C01E006D3063 /* Build configuration list for PBXProject "UniTestApp" */;
			compatibilityVersion = "Xcode 14.0";
			developmentRegion = en;
			hasScannedForEncodings = 0;
			knownRegions = (
				en,
				Base,
			);
			mainGroup = 636136EA29B3C01E006D3063;
			productRefGroup = 636136F429B3C01E006D3063 /* Products */;
			projectDirPath = "";
			projectRoot = "";
			targets = (
				636136F229B3C01E006D3063 /* UniTestApp */,
				6361370829B3C01F006D3063 /* UniTestAppTests */,
				6361371229B3C01F006D3063 /* UniTestAppUITests */,
			);
		};
/* End PBXProject section */

/* Begin PBXResourcesBuildPhase section */
		636136F129B3C01E006D3063 /* Resources */ = {
			isa = PBXResourcesBuildPhase;
			buildActionMask = 2147483647;
			files = (
				6361370329B3C01F006D3063 /* LaunchScreen.storyboard in Resources */,
				6361370029B3C01F006D3063 /* Assets.xcassets in Resources */,
				636136FE29B3C01E006D3063 /* Main.storyboard in Resources */,
			);
			runOnlyForDeploymentPostprocessing = 0;
		};
		6361370729B3C01F006D3063 /* Resources */ = {
			isa = PBXResourcesBuildPhase;
			buildActionMask = 2147483647;
			files = (
			);
			runOnlyForDeploymentPostprocessing = 0;
		};
		6361371129B3C01F006D3063 /* Resources */ = {
			isa = PBXResourcesBuildPhase;
			buildActionMask = 2147483647;
			files = (
			);
			runOnlyForDeploymentPostprocessing = 0;
		};
/* End PBXResourcesBuildPhase section */

/* Begin PBXSourcesBuildPhase section */
		636136EF29B3C01E006D3063 /* Sources */ = {
			isa = PBXSourcesBuildPhase;
			buildActionMask = 2147483647;
			files = (
				636136FB29B3C01E006D3063 /* ViewController.swift in Sources */,
				636136F729B3C01E006D3063 /* AppDelegate.swift in Sources */,
				636136F929B3C01E006D3063 /* SceneDelegate.swift in Sources */,
				6361372729B3C07E006D3063 /* MathService.swift in Sources */,
			);
			runOnlyForDeploymentPostprocessing = 0;
		};
		6361370529B3C01F006D3063 /* Sources */ = {
			isa = PBXSourcesBuildPhase;
			buildActionMask = 2147483647;
			files = (
				6361370E29B3C01F006D3063 /* UniTestAppTests.swift in Sources */,
			);
			runOnlyForDeploymentPostprocessing = 0;
		};
		6361370F29B3C01F006D3063 /* Sources */ = {
			isa = PBXSourcesBuildPhase;
			buildActionMask = 2147483647;
			files = (
				6361371829B3C01F006D3063 /* UniTestAppUITests.swift in Sources */,
				6361371A29B3C01F006D3063 /* UniTestAppUITestsLaunchTests.swift in Sources */,
			);
			runOnlyForDeploymentPostprocessing = 0;
		};
/* End PBXSourcesBuildPhase section */

/* Begin PBXTargetDependency section */
		6361370B29B3C01F006D3063 /* PBXTargetDependency */ = {
			isa = PBXTargetDependency;
			target = 636136F229B3C01E006D3063 /* UniTestApp */;
			targetProxy = 6361370A29B3C01F006D3063 /* PBXContainerItemProxy */;
		};
		6361371529B3C01F006D3063 /* PBXTargetDependency */ = {
			isa = PBXTargetDependency;
			target = 636136F229B3C01E006D3063 /* UniTestApp */;
			targetProxy = 6361371429B3C01F006D3063 /* PBXContainerItemProxy */;
		};
/* End PBXTargetDependency section */

/* Begin PBXVariantGroup section */
		636136FC29B3C01E006D3063 /* Main.storyboard */ = {
			isa = PBXVariantGroup;
			children = (
				636136FD29B3C01E006D3063 /* Base */,
			);
			name = Main.storyboard;
			sourceTree = "<group>";
		};
		6361370129B3C01F006D3063 /* LaunchScreen.storyboard */ = {
			isa = PBXVariantGroup;
			children = (
				6361370229B3C01F006D3063 /* Base */,
			);
			name = LaunchScreen.storyboard;
			sourceTree = "<group>";
		};
/* End PBXVariantGroup section */

/* Begin XCBuildConfiguration section */
		6361371B29B3C01F006D3063 /* Debug */ = {
			isa = XCBuildConfiguration;
			buildSettings = {
				ALWAYS_SEARCH_USER_PATHS = NO;
				CLANG_ANALYZER_NONNULL = YES;
				CLANG_ANALYZER_NUMBER_OBJECT_CONVERSION = YES_AGGRESSIVE;
				CLANG_CXX_LANGUAGE_STANDARD = "gnu++20";
				CLANG_ENABLE_MODULES = YES;
				CLANG_ENABLE_OBJC_ARC = YES;
				CLANG_ENABLE_OBJC_WEAK = YES;
				CLANG_WARN_BLOCK_CAPTURE_AUTORELEASING = YES;
				CLANG_WARN_BOOL_CONVERSION = YES;
				CLANG_WARN_COMMA = YES;
				CLANG_WARN_CONSTANT_CONVERSION = YES;
				CLANG_WARN_DEPRECATED_OBJC_IMPLEMENTATIONS = YES;
				CLANG_WARN_DIRECT_OBJC_ISA_USAGE = YES_ERROR;
				CLANG_WARN_DOCUMENTATION_COMMENTS = YES;
				CLANG_WARN_EMPTY_BODY = YES;
				CLANG_WARN_ENUM_CONVERSION = YES;
				CLANG_WARN_INFINITE_RECURSION = YES;
				CLANG_WARN_INT_CONVERSION = YES;
				CLANG_WARN_NON_LITERAL_NULL_CONVERSION = YES;
				CLANG_WARN_OBJC_IMPLICIT_RETAIN_SELF = YES;
				CLANG_WARN_OBJC_LITERAL_CONVERSION = YES;
				CLANG_WARN_OBJC_ROOT_CLASS = YES_ERROR;
				CLANG_WARN_QUOTED_INCLUDE_IN_FRAMEWORK_HEADER = YES;
				CLANG_WARN_RANGE_LOOP_ANALYSIS = YES;
				CLANG_WARN_STRICT_PROTOTYPES = YES;
				CLANG_WARN_SUSPICIOUS_MOVE = YES;
				CLANG_WARN_UNGUARDED_AVAILABILITY = YES_AGGRESSIVE;
				CLANG_WARN_UNREACHABLE_CODE = YES;
				CLANG_WARN__DUPLICATE_METHOD_MATCH = YES;
				COPY_PHASE_STRIP = NO;
				DEBUG_INFORMATION_FORMAT = dwarf;
				ENABLE_STRICT_OBJC_MSGSEND = YES;
				ENABLE_TESTABILITY = YES;
				GCC_C_LANGUAGE_STANDARD = gnu11;
				GCC_DYNAMIC_NO_PIC = NO;
				GCC_NO_COMMON_BLOCKS = YES;
				GCC_OPTIMIZATION_LEVEL = 0;
				GCC_PREPROCESSOR_DEFINITIONS = (
					"DEBUG=1",
					"$(inherited)",
				);
				GCC_WARN_64_TO_32_BIT_CONVERSION = YES;
				GCC_WARN_ABOUT_RETURN_TYPE = YES_ERROR;
				GCC_WARN_UNDECLARED_SELECTOR = YES;
				GCC_WARN_UNINITIALIZED_AUTOS = YES_AGGRESSIVE;
				GCC_WARN_UNUSED_FUNCTION = YES;
				GCC_WARN_UNUSED_VARIABLE = YES;
				IPHONEOS_DEPLOYMENT_TARGET = 16.2;
				MTL_ENABLE_DEBUG_INFO = INCLUDE_SOURCE;
				MTL_FAST_MATH = YES;
				ONLY_ACTIVE_ARCH = YES;
				SDKROOT = iphoneos;
				SWIFT_ACTIVE_COMPILATION_CONDITIONS = DEBUG;
				SWIFT_OPTIMIZATION_LEVEL = "-Onone";
			};
			name = Debug;
		};
		6361371C29B3C01F006D3063 /* Release */ = {
			isa = XCBuildConfiguration;
			buildSettings = {
				ALWAYS_SEARCH_USER_PATHS = NO;
				CLANG_ANALYZER_NONNULL = YES;
				CLANG_ANALYZER_NUMBER_OBJECT_CONVERSION = YES_AGGRESSIVE;
				CLANG_CXX_LANGUAGE_STANDARD = "gnu++20";
				CLANG_ENABLE_MODULES = YES;
				CLANG_ENABLE_OBJC_ARC = YES;
				CLANG_ENABLE_OBJC_WEAK = YES;
				CLANG_WARN_BLOCK_CAPTURE_AUTORELEASING = YES;
				CLANG_WARN_BOOL_CONVERSION = YES;
				CLANG_WARN_COMMA = YES;
				CLANG_WARN_CONSTANT_CONVERSION = YES;
				CLANG_WARN_DEPRECATED_OBJC_IMPLEMENTATIONS = YES;
				CLANG_WARN_DIRECT_OBJC_ISA_USAGE = YES_ERROR;
				CLANG_WARN_DOCUMENTATION_COMMENTS = YES;
				CLANG_WARN_EMPTY_BODY = YES;
				CLANG_WARN_ENUM_CONVERSION = YES;
				CLANG_WARN_INFINITE_RECURSION = YES;
				CLANG_WARN_INT_CONVERSION = YES;
				CLANG_WARN_NON_LITERAL_NULL_CONVERSION = YES;
				CLANG_WARN_OBJC_IMPLICIT_RETAIN_SELF = YES;
				CLANG_WARN_OBJC_LITERAL_CONVERSION = YES;
				CLANG_WARN_OBJC_ROOT_CLASS = YES_ERROR;
				CLANG_WARN_QUOTED_INCLUDE_IN_FRAMEWORK_HEADER = YES;
				CLANG_WARN_RANGE_LOOP_ANALYSIS = YES;
				CLANG_WARN_STRICT_PROTOTYPES = YES;
				CLANG_WARN_SUSPICIOUS_MOVE = YES;
				CLANG_WARN_UNGUARDED_AVAILABILITY = YES_AGGRESSIVE;
				CLANG_WARN_UNREACHABLE_CODE = YES;
				CLANG_WARN__DUPLICATE_METHOD_MATCH = YES;
				COPY_PHASE_STRIP = NO;
				DEBUG_INFORMATION_FORMAT = "dwarf-with-dsym";
				ENABLE_NS_ASSERTIONS = NO;
				ENABLE_STRICT_OBJC_MSGSEND = YES;
				GCC_C_LANGUAGE_STANDARD = gnu11;
				GCC_NO_COMMON_BLOCKS = YES;
				GCC_WARN_64_TO_32_BIT_CONVERSION = YES;
				GCC_WARN_ABOUT_RETURN_TYPE = YES_ERROR;
				GCC_WARN_UNDECLARED_SELECTOR = YES;
				GCC_WARN_UNINITIALIZED_AUTOS = YES_AGGRESSIVE;
				GCC_WARN_UNUSED_FUNCTION = YES;
				GCC_WARN_UNUSED_VARIABLE = YES;
				IPHONEOS_DEPLOYMENT_TARGET = 16.2;
				MTL_ENABLE_DEBUG_INFO = NO;
				MTL_FAST_MATH = YES;
				SDKROOT = iphoneos;
				SWIFT_COMPILATION_MODE = wholemodule;
				SWIFT_OPTIMIZATION_LEVEL = "-O";
				VALIDATE_PRODUCT = YES;
			};
			name = Release;
		};
		6361371E29B3C01F006D3063 /* Debug */ = {
			isa = XCBuildConfiguration;
			buildSettings = {
				ASSETCATALOG_COMPILER_APPICON_NAME = AppIcon;
				ASSETCATALOG_COMPILER_GLOBAL_ACCENT_COLOR_NAME = AccentColor;
				CODE_SIGN_STYLE = Automatic;
				CURRENT_PROJECT_VERSION = 1;
				DEVELOPMENT_TEAM = JQSUXNGVC5;
				GENERATE_INFOPLIST_FILE = YES;
				INFOPLIST_FILE = UniTestApp/Info.plist;
				INFOPLIST_KEY_UIApplicationSupportsIndirectInputEvents = YES;
				INFOPLIST_KEY_UILaunchStoryboardName = LaunchScreen;
				INFOPLIST_KEY_UIMainStoryboardFile = Main;
				INFOPLIST_KEY_UISupportedInterfaceOrientations_iPad = "UIInterfaceOrientationPortrait UIInterfaceOrientationPortraitUpsideDown UIInterfaceOrientationLandscapeLeft UIInterfaceOrientationLandscapeRight";
				INFOPLIST_KEY_UISupportedInterfaceOrientations_iPhone = "UIInterfaceOrientationPortrait UIInterfaceOrientationLandscapeLeft UIInterfaceOrientationLandscapeRight";
				LD_RUNPATH_SEARCH_PATHS = (
					"$(inherited)",
					"@executable_path/Frameworks",
				);
				MARKETING_VERSION = 1.0;
				PRODUCT_BUNDLE_IDENTIFIER = EugeneZabrodski.UniTestApp;
				PRODUCT_NAME = "$(TARGET_NAME)";
				SWIFT_EMIT_LOC_STRINGS = YES;
				SWIFT_VERSION = 5.0;
				TARGETED_DEVICE_FAMILY = "1,2";
			};
			name = Debug;
		};
		6361371F29B3C01F006D3063 /* Release */ = {
			isa = XCBuildConfiguration;
			buildSettings = {
				ASSETCATALOG_COMPILER_APPICON_NAME = AppIcon;
				ASSETCATALOG_COMPILER_GLOBAL_ACCENT_COLOR_NAME = AccentColor;
				CODE_SIGN_STYLE = Automatic;
				CURRENT_PROJECT_VERSION = 1;
				DEVELOPMENT_TEAM = JQSUXNGVC5;
				GENERATE_INFOPLIST_FILE = YES;
				INFOPLIST_FILE = UniTestApp/Info.plist;
				INFOPLIST_KEY_UIApplicationSupportsIndirectInputEvents = YES;
				INFOPLIST_KEY_UILaunchStoryboardName = LaunchScreen;
				INFOPLIST_KEY_UIMainStoryboardFile = Main;
				INFOPLIST_KEY_UISupportedInterfaceOrientations_iPad = "UIInterfaceOrientationPortrait UIInterfaceOrientationPortraitUpsideDown UIInterfaceOrientationLandscapeLeft UIInterfaceOrientationLandscapeRight";
				INFOPLIST_KEY_UISupportedInterfaceOrientations_iPhone = "UIInterfaceOrientationPortrait UIInterfaceOrientationLandscapeLeft UIInterfaceOrientationLandscapeRight";
				LD_RUNPATH_SEARCH_PATHS = (
					"$(inherited)",
					"@executable_path/Frameworks",
				);
				MARKETING_VERSION = 1.0;
				PRODUCT_BUNDLE_IDENTIFIER = EugeneZabrodski.UniTestApp;
				PRODUCT_NAME = "$(TARGET_NAME)";
				SWIFT_EMIT_LOC_STRINGS = YES;
				SWIFT_VERSION = 5.0;
				TARGETED_DEVICE_FAMILY = "1,2";
			};
			name = Release;
		};
		6361372129B3C01F006D3063 /* Debug */ = {
			isa = XCBuildConfiguration;
			buildSettings = {
				ALWAYS_EMBED_SWIFT_STANDARD_LIBRARIES = YES;
				BUNDLE_LOADER = "$(TEST_HOST)";
				CODE_SIGN_STYLE = Automatic;
				CURRENT_PROJECT_VERSION = 1;
				DEVELOPMENT_TEAM = JQSUXNGVC5;
				GENERATE_INFOPLIST_FILE = YES;
				IPHONEOS_DEPLOYMENT_TARGET = 16.2;
				MARKETING_VERSION = 1.0;
				PRODUCT_BUNDLE_IDENTIFIER = EugeneZabrodski.UniTestAppTests;
				PRODUCT_NAME = "$(TARGET_NAME)";
				SWIFT_EMIT_LOC_STRINGS = NO;
				SWIFT_VERSION = 5.0;
				TARGETED_DEVICE_FAMILY = "1,2";
				TEST_HOST = "$(BUILT_PRODUCTS_DIR)/UniTestApp.app/$(BUNDLE_EXECUTABLE_FOLDER_PATH)/UniTestApp";
			};
			name = Debug;
		};
		6361372229B3C01F006D3063 /* Release */ = {
			isa = XCBuildConfiguration;
			buildSettings = {
				ALWAYS_EMBED_SWIFT_STANDARD_LIBRARIES = YES;
				BUNDLE_LOADER = "$(TEST_HOST)";
				CODE_SIGN_STYLE = Automatic;
				CURRENT_PROJECT_VERSION = 1;
				DEVELOPMENT_TEAM = JQSUXNGVC5;
				GENERATE_INFOPLIST_FILE = YES;
				IPHONEOS_DEPLOYMENT_TARGET = 16.2;
				MARKETING_VERSION = 1.0;
				PRODUCT_BUNDLE_IDENTIFIER = EugeneZabrodski.UniTestAppTests;
				PRODUCT_NAME = "$(TARGET_NAME)";
				SWIFT_EMIT_LOC_STRINGS = NO;
				SWIFT_VERSION = 5.0;
				TARGETED_DEVICE_FAMILY = "1,2";
				TEST_HOST = "$(BUILT_PRODUCTS_DIR)/UniTestApp.app/$(BUNDLE_EXECUTABLE_FOLDER_PATH)/UniTestApp";
			};
			name = Release;
		};
		6361372429B3C01F006D3063 /* Debug */ = {
			isa = XCBuildConfiguration;
			buildSettings = {
				ALWAYS_EMBED_SWIFT_STANDARD_LIBRARIES = YES;
				CODE_SIGN_STYLE = Automatic;
				CURRENT_PROJECT_VERSION = 1;
				DEVELOPMENT_TEAM = JQSUXNGVC5;
				GENERATE_INFOPLIST_FILE = YES;
				MARKETING_VERSION = 1.0;
				PRODUCT_BUNDLE_IDENTIFIER = EugeneZabrodski.UniTestAppUITests;
				PRODUCT_NAME = "$(TARGET_NAME)";
				SWIFT_EMIT_LOC_STRINGS = NO;
				SWIFT_VERSION = 5.0;
				TARGETED_DEVICE_FAMILY = "1,2";
				TEST_TARGET_NAME = UniTestApp;
			};
			name = Debug;
		};
		6361372529B3C01F006D3063 /* Release */ = {
			isa = XCBuildConfiguration;
			buildSettings = {
				ALWAYS_EMBED_SWIFT_STANDARD_LIBRARIES = YES;
				CODE_SIGN_STYLE = Automatic;
				CURRENT_PROJECT_VERSION = 1;
				DEVELOPMENT_TEAM = JQSUXNGVC5;
				GENERATE_INFOPLIST_FILE = YES;
				MARKETING_VERSION = 1.0;
				PRODUCT_BUNDLE_IDENTIFIER = EugeneZabrodski.UniTestAppUITests;
				PRODUCT_NAME = "$(TARGET_NAME)";
				SWIFT_EMIT_LOC_STRINGS = NO;
				SWIFT_VERSION = 5.0;
				TARGETED_DEVICE_FAMILY = "1,2";
				TEST_TARGET_NAME = UniTestApp;
			};
			name = Release;
		};
/* End XCBuildConfiguration section */

/* Begin XCConfigurationList section */
		636136EE29B3C01E006D3063 /* Build configuration list for PBXProject "UniTestApp" */ = {
			isa = XCConfigurationList;
			buildConfigurations = (
				6361371B29B3C01F006D3063 /* Debug */,
				6361371C29B3C01F006D3063 /* Release */,
			);
			defaultConfigurationIsVisible = 0;
			defaultConfigurationName = Release;
		};
		6361371D29B3C01F006D3063 /* Build configuration list for PBXNativeTarget "UniTestApp" */ = {
			isa = XCConfigurationList;
			buildConfigurations = (
				6361371E29B3C01F006D3063 /* Debug */,
				6361371F29B3C01F006D3063 /* Release */,
			);
			defaultConfigurationIsVisible = 0;
			defaultConfigurationName = Release;
		};
		6361372029B3C01F006D3063 /* Build configuration list for PBXNativeTarget "UniTestAppTests" */ = {
			isa = XCConfigurationList;
			buildConfigurations = (
				6361372129B3C01F006D3063 /* Debug */,
				6361372229B3C01F006D3063 /* Release */,
			);
			defaultConfigurationIsVisible = 0;
			defaultConfigurationName = Release;
		};
		6361372329B3C01F006D3063 /* Build configuration list for PBXNativeTarget "UniTestAppUITests" */ = {
			isa = XCConfigurationList;
			buildConfigurations = (
				6361372429B3C01F006D3063 /* Debug */,
				6361372529B3C01F006D3063 /* Release */,
			);
			defaultConfigurationIsVisible = 0;
			defaultConfigurationName = Release;
		};
/* End XCConfigurationList section */
	};
	rootObject = 636136EB29B3C01E006D3063 /* Project object */;
}
